
Microsoft Visual Studio Solution File, Format Version 12.00
# Visual Studio Version 17
VisualStudioVersion = 17.6.33815.320
MinimumVisualStudioVersion = 10.0.40219.1
Project("{FAE04EC0-301F-11D3-BF4B-00C04F79EFBC}") = "webapp", "webapp.csproj", "{3789A574-354C-4B9B-AFE9-F0F7DFBC4267}"
EndProject
Global
	GlobalSection(SolutionConfigurationPlatforms) = preSolution
		Debug|Any CPU = Debug|Any CPU
		Release|Any CPU = Release|Any CPU
	EndGlobalSection
	GlobalSection(ProjectConfigurationPlatforms) = postSolution
		{3789A574-354C-4B9B-AFE9-F0F7DFBC4267}.Debug|Any CPU.ActiveCfg = Debug|Any CPU
		{3789A574-354C-4B9B-AFE9-F0F7DFBC4267}.Debug|Any CPU.Build.0 = Debug|Any CPU
		{3789A574-354C-4B9B-AFE9-F0F7DFBC4267}.Release|Any CPU.ActiveCfg = Release|Any CPU
		{3789A574-354C-4B9B-AFE9-F0F7DFBC4267}.Release|Any CPU.Build.0 = Release|Any CPU
	EndGlobalSection
	GlobalSection(SolutionProperties) = preSolution
		HideSolutionNode = FALSE
	EndGlobalSection
	GlobalSection(ExtensibilityGlobals) = postSolution
		SolutionGuid = {42E0277A-BC8A-4CB7-9794-F5E12412F5B2}
	EndGlobalSection
EndGlobal
